
Microsoft Visual Studio Solution File, Format Version 12.00
# Visual Studio Version 17
VisualStudioVersion = 17.0.31903.59
MinimumVisualStudioVersion = 10.0.40219.1
Project("{2150E333-8FDC-42A3-9474-1A3956D46DE8}") = "src", "src", "{827E0CD3-B72D-47B6-A68D-7590B98EB39B}"
EndProject
Project("{FAE04EC0-301F-11D3-BF4B-00C04F79EFBC}") = "Simulator.Core", "src\Simulator.Core\Simulator.Core.csproj", "{93CD241E-DF9E-42BC-915A-CF393B2A3B0B}"
EndProject
Project("{FAE04EC0-301F-11D3-BF4B-00C04F79EFBC}") = "Simulator.Console", "src\Simulator.Console\Simulator.Console.csproj", "{3DD393F0-AB4D-4878-B526-BEC892D79111}"
EndProject
Project("{2150E333-8FDC-42A3-9474-1A3956D46DE8}") = "tests", "tests", "{0AB3BF05-4346-4AA6-1389-037BE0695223}"
EndProject
Project("{FAE04EC0-301F-11D3-BF4B-00C04F79EFBC}") = "Simulator.Tests", "tests\Simulator.Tests\Simulator.Tests.csproj", "{73749A2C-628F-41D1-BDBC-7BB67B346ECA}"
EndProject
Global
	GlobalSection(SolutionConfigurationPlatforms) = preSolution
		Debug|Any CPU = Debug|Any CPU
		Debug|x64 = Debug|x64
		Debug|x86 = Debug|x86
		Release|Any CPU = Release|Any CPU
		Release|x64 = Release|x64
		Release|x86 = Release|x86
	EndGlobalSection
	GlobalSection(ProjectConfigurationPlatforms) = postSolution
		{93CD241E-DF9E-42BC-915A-CF393B2A3B0B}.Debug|Any CPU.ActiveCfg = Debug|Any CPU
		{93CD241E-DF9E-42BC-915A-CF393B2A3B0B}.Debug|Any CPU.Build.0 = Debug|Any CPU
		{93CD241E-DF9E-42BC-915A-CF393B2A3B0B}.Debug|x64.ActiveCfg = Debug|Any CPU
		{93CD241E-DF9E-42BC-915A-CF393B2A3B0B}.Debug|x64.Build.0 = Debug|Any CPU
		{93CD241E-DF9E-42BC-915A-CF393B2A3B0B}.Debug|x86.ActiveCfg = Debug|Any CPU
		{93CD241E-DF9E-42BC-915A-CF393B2A3B0B}.Debug|x86.Build.0 = Debug|Any CPU
		{93CD241E-DF9E-42BC-915A-CF393B2A3B0B}.Release|Any CPU.ActiveCfg = Release|Any CPU
		{93CD241E-DF9E-42BC-915A-CF393B2A3B0B}.Release|Any CPU.Build.0 = Release|Any CPU
		{93CD241E-DF9E-42BC-915A-CF393B2A3B0B}.Release|x64.ActiveCfg = Release|Any CPU
		{93CD241E-DF9E-42BC-915A-CF393B2A3B0B}.Release|x64.Build.0 = Release|Any CPU
		{93CD241E-DF9E-42BC-915A-CF393B2A3B0B}.Release|x86.ActiveCfg = Release|Any CPU
		{93CD241E-DF9E-42BC-915A-CF393B2A3B0B}.Release|x86.Build.0 = Release|Any CPU
		{3DD393F0-AB4D-4878-B526-BEC892D79111}.Debug|Any CPU.ActiveCfg = Debug|Any CPU
		{3DD393F0-AB4D-4878-B526-BEC892D79111}.Debug|Any CPU.Build.0 = Debug|Any CPU
		{3DD393F0-AB4D-4878-B526-BEC892D79111}.Debug|x64.ActiveCfg = Debug|Any CPU
		{3DD393F0-AB4D-4878-B526-BEC892D79111}.Debug|x64.Build.0 = Debug|Any CPU
		{3DD393F0-AB4D-4878-B526-BEC892D79111}.Debug|x86.ActiveCfg = Debug|Any CPU
		{3DD393F0-AB4D-4878-B526-BEC892D79111}.Debug|x86.Build.0 = Debug|Any CPU
		{3DD393F0-AB4D-4878-B526-BEC892D79111}.Release|Any CPU.ActiveCfg = Release|Any CPU
		{3DD393F0-AB4D-4878-B526-BEC892D79111}.Release|Any CPU.Build.0 = Release|Any CPU
		{3DD393F0-AB4D-4878-B526-BEC892D79111}.Release|x64.ActiveCfg = Release|Any CPU
		{3DD393F0-AB4D-4878-B526-BEC892D79111}.Release|x64.Build.0 = Release|Any CPU
		{3DD393F0-AB4D-4878-B526-BEC892D79111}.Release|x86.ActiveCfg = Release|Any CPU
		{3DD393F0-AB4D-4878-B526-BEC892D79111}.Release|x86.Build.0 = Release|Any CPU
		{73749A2C-628F-41D1-BDBC-7BB67B346ECA}.Debug|Any CPU.ActiveCfg = Debug|Any CPU
		{73749A2C-628F-41D1-BDBC-7BB67B346ECA}.Debug|Any CPU.Build.0 = Debug|Any CPU
		{73749A2C-628F-41D1-BDBC-7BB67B346ECA}.Debug|x64.ActiveCfg = Debug|Any CPU
		{73749A2C-628F-41D1-BDBC-7BB67B346ECA}.Debug|x64.Build.0 = Debug|Any CPU
		{73749A2C-628F-41D1-BDBC-7BB67B346ECA}.Debug|x86.ActiveCfg = Debug|Any CPU
		{73749A2C-628F-41D1-BDBC-7BB67B346ECA}.Debug|x86.Build.0 = Debug|Any CPU
		{73749A2C-628F-41D1-BDBC-7BB67B346ECA}.Release|Any CPU.ActiveCfg = Release|Any CPU
		{73749A2C-628F-41D1-BDBC-7BB67B346ECA}.Release|Any CPU.Build.0 = Release|Any CPU
		{73749A2C-628F-41D1-BDBC-7BB67B346ECA}.Release|x64.ActiveCfg = Release|Any CPU
		{73749A2C-628F-41D1-BDBC-7BB67B346ECA}.Release|x64.Build.0 = Release|Any CPU
		{73749A2C-628F-41D1-BDBC-7BB67B346ECA}.Release|x86.ActiveCfg = Release|Any CPU
		{73749A2C-628F-41D1-BDBC-7BB67B346ECA}.Release|x86.Build.0 = Release|Any CPU
	EndGlobalSection
	GlobalSection(SolutionProperties) = preSolution
		HideSolutionNode = FALSE
	EndGlobalSection
	GlobalSection(NestedProjects) = preSolution
		{93CD241E-DF9E-42BC-915A-CF393B2A3B0B} = {827E0CD3-B72D-47B6-A68D-7590B98EB39B}
		{3DD393F0-AB4D-4878-B526-BEC892D79111} = {827E0CD3-B72D-47B6-A68D-7590B98EB39B}
		{73749A2C-628F-41D1-BDBC-7BB67B346ECA} = {0AB3BF05-4346-4AA6-1389-037BE0695223}
	EndGlobalSection
EndGlobal
